
Microsoft Visual Studio Solution File, Format Version 11.00
# Visual Studio 2010
Project("{FAE04EC0-301F-11D3-BF4B-00C04F79EFBC}") = "Unity.Timeline", "Unity.Timeline.csproj", "{c9a7bded-afa8-831e-a4d7-773611e62af0}"
EndProject
Project("{FAE04EC0-301F-11D3-BF4B-00C04F79EFBC}") = "Unity.PlasticSCM.Editor", "Unity.PlasticSCM.Editor.csproj", "{4ae9c83b-bf9a-7a8d-8dbb-1895d6773e6b}"
EndProject
Project("{FAE04EC0-301F-11D3-BF4B-00C04F79EFBC}") = "UnityEngine.UI.Tests", "UnityEngine.UI.Tests.csproj", "{2e18cb40-dcfd-ae90-6246-d7639a7919ce}"
EndProject
Project("{FAE04EC0-301F-11D3-BF4B-00C04F79EFBC}") = "Assembly-CSharp", "Assembly-CSharp.csproj", "{fe3d59fc-f0c9-de4a-330a-7c882d6d329e}"
EndProject
Project("{FAE04EC0-301F-11D3-BF4B-00C04F79EFBC}") = "Unity.VisualScripting.Flow", "Unity.VisualScripting.Flow.csproj", "{c6d65d35-8deb-0793-b5b8-0721bce84891}"
EndProject
Project("{FAE04EC0-301F-11D3-BF4B-00C04F79EFBC}") = "Unity.Timeline.Editor", "Unity.Timeline.Editor.csproj", "{c8999774-d848-e73d-8cba-0d883adaa109}"
EndProject
Project("{FAE04EC0-301F-11D3-BF4B-00C04F79EFBC}") = "Unity.Multiplayer.Center.Editor", "Unity.Multiplayer.Center.Editor.csproj", "{5ca05746-daee-4531-bdda-abb978669e58}"
EndProject
Project("{FAE04EC0-301F-11D3-BF4B-00C04F79EFBC}") = "Unity.VisualScripting.Core.Editor", "Unity.VisualScripting.Core.Editor.csproj", "{08a6b58e-f225-8842-e5fd-670b68219a7f}"
EndProject
Project("{FAE04EC0-301F-11D3-BF4B-00C04F79EFBC}") = "UnityEngine.UI", "UnityEngine.UI.csproj", "{cfcf9a03-c5d1-acca-9822-076e1af785fa}"
EndProject
Project("{FAE04EC0-301F-11D3-BF4B-00C04F79EFBC}") = "Unity.Multiplayer.Center.Tests", "Unity.Multiplayer.Center.Tests.csproj", "{7fa68acd-6e82-6986-8f81-13dbefb0991c}"
EndProject
Project("{FAE04EC0-301F-11D3-BF4B-00C04F79EFBC}") = "Unity.VisualScripting.Core", "Unity.VisualScripting.Core.csproj", "{69bb67f0-0506-4d17-7617-aaf7b01ebabf}"
EndProject
Project("{FAE04EC0-301F-11D3-BF4B-00C04F79EFBC}") = "Unity.VisualScripting.Flow.Editor", "Unity.VisualScripting.Flow.Editor.csproj", "{49899ec6-1fa8-a9a1-a2ce-9722e8f845da}"
EndProject
Project("{FAE04EC0-301F-11D3-BF4B-00C04F79EFBC}") = "Unity.Multiplayer.Center.Editor.Tests", "Unity.Multiplayer.Center.Editor.Tests.csproj", "{ada7e99a-277c-63b5-04fe-4871b5e842e6}"
EndProject
Project("{FAE04EC0-301F-11D3-BF4B-00C04F79EFBC}") = "Unity.AI.Navigation.Editor", "Unity.AI.Navigation.Editor.csproj", "{cc463041-2484-6703-3d5b-255288690c00}"
EndProject
Project("{FAE04EC0-301F-11D3-BF4B-00C04F79EFBC}") = "Unity.VisualStudio.Editor", "Unity.VisualStudio.Editor.csproj", "{7adbfc4e-1be9-16c5-f693-f3ccadf5e79f}"
EndProject
Project("{FAE04EC0-301F-11D3-BF4B-00C04F79EFBC}") = "Unity.TextMeshPro.Editor", "Unity.TextMeshPro.Editor.csproj", "{db5badf7-c8df-a425-66e6-54ecd1dfb9d4}"
EndProject
Project("{FAE04EC0-301F-11D3-BF4B-00C04F79EFBC}") = "Unity.TestTools.CodeCoverage.Editor.OpenCover.Model", "Unity.TestTools.CodeCoverage.Editor.OpenCover.Model.csproj", "{84fbecc0-0185-2e7e-bafa-bc775d5d4edd}"
EndProject
Project("{FAE04EC0-301F-11D3-BF4B-00C04F79EFBC}") = "Unity.Rider.Editor", "Unity.Rider.Editor.csproj", "{fb0b90ea-f36a-50b0-9975-e3720342e5b1}"
EndProject
Project("{FAE04EC0-301F-11D3-BF4B-00C04F79EFBC}") = "Unity.AI.Navigation.Editor.ConversionSystem", "Unity.AI.Navigation.Editor.ConversionSystem.csproj", "{c3686dff-66c8-4a80-8144-5931a211db45}"
EndProject
Project("{FAE04EC0-301F-11D3-BF4B-00C04F79EFBC}") = "Unity.VisualScripting.State.Editor", "Unity.VisualScripting.State.Editor.csproj", "{fe3ec773-3eb5-6a40-8b74-05d9686983bb}"
EndProject
Project("{FAE04EC0-301F-11D3-BF4B-00C04F79EFBC}") = "Unity.InternalAPIEngineBridge.004", "Unity.InternalAPIEngineBridge.004.csproj", "{2818c81b-e4ac-3b70-9bc7-d3b7ab6a7a30}"
EndProject
Project("{FAE04EC0-301F-11D3-BF4B-00C04F79EFBC}") = "Unity.TestTools.CodeCoverage.Editor", "Unity.TestTools.CodeCoverage.Editor.csproj", "{ca8c366e-06d2-b7a8-b425-40affcb39622}"
EndProject
Project("{FAE04EC0-301F-11D3-BF4B-00C04F79EFBC}") = "Unity.AI.Navigation", "Unity.AI.Navigation.csproj", "{fd0d5bf0-3827-55d4-5234-e4d114ba10c5}"
EndProject
Project("{FAE04EC0-301F-11D3-BF4B-00C04F79EFBC}") = "Unity.VisualScripting.State", "Unity.VisualScripting.State.csproj", "{b8a86f3b-264c-9382-e368-e80861f1f1dc}"
EndProject
Project("{FAE04EC0-301F-11D3-BF4B-00C04F79EFBC}") = "Unity.Performance.Profile-Analyzer.Editor", "Unity.Performance.Profile-Analyzer.Editor.csproj", "{c138b904-652a-08ff-48bd-1ac2b453072c}"
EndProject
Project("{FAE04EC0-301F-11D3-BF4B-00C04F79EFBC}") = "UnityEditor.UI", "UnityEditor.UI.csproj", "{d77c87a5-8ab7-3e3c-bd04-5a67060d8f7f}"
EndProject
Project("{FAE04EC0-301F-11D3-BF4B-00C04F79EFBC}") = "Unity.TextMeshPro", "Unity.TextMeshPro.csproj", "{05322696-5c09-f57f-79b6-2429d5ce9f4b}"
EndProject
Project("{FAE04EC0-301F-11D3-BF4B-00C04F79EFBC}") = "Unity.VisualScripting.SettingsProvider.Editor", "Unity.VisualScripting.SettingsProvider.Editor.csproj", "{5745cbd2-4005-2a84-6e85-821085e8154b}"
EndProject
Project("{FAE04EC0-301F-11D3-BF4B-00C04F79EFBC}") = "Unity.VSCode.Editor", "Unity.VSCode.Editor.csproj", "{3c35bb45-7abf-1463-22bc-0bc84c33b79a}"
EndProject
Project("{FAE04EC0-301F-11D3-BF4B-00C04F79EFBC}") = "Unity.TestTools.CodeCoverage.Editor.OpenCover.Mono.Reflection", "Unity.TestTools.CodeCoverage.Editor.OpenCover.Mono.Reflection.csproj", "{fa8734a6-ea29-40af-807e-642bf4ceb92d}"
EndProject
Project("{FAE04EC0-301F-11D3-BF4B-00C04F79EFBC}") = "DocCodeExamples", "DocCodeExamples.csproj", "{467b389a-a3df-bbc8-c846-a7364b4eb209}"
EndProject
Project("{FAE04EC0-301F-11D3-BF4B-00C04F79EFBC}") = "Unity.AI.Navigation.Updater", "Unity.AI.Navigation.Updater.csproj", "{1b08c6a6-5dc4-6024-7d4e-7e77b728014a}"
EndProject
Project("{FAE04EC0-301F-11D3-BF4B-00C04F79EFBC}") = "Unity.Performance.Profile-Analyzer.EditorTests", "Unity.Performance.Profile-Analyzer.EditorTests.csproj", "{ee2d495f-9558-85f7-6067-a94033b21a12}"
EndProject
Project("{FAE04EC0-301F-11D3-BF4B-00C04F79EFBC}") = "Unity.Settings.Editor", "Unity.Settings.Editor.csproj", "{64b2c647-7572-ffad-1c59-9ec265bb740a}"
EndProject
Project("{FAE04EC0-301F-11D3-BF4B-00C04F79EFBC}") = "UnityEditor.UI.EditorTests", "UnityEditor.UI.EditorTests.csproj", "{34281402-8b1a-d7c8-1524-4936554f846b}"
EndProject
Project("{FAE04EC0-301F-11D3-BF4B-00C04F79EFBC}") = "Unity.Multiplayer.Center.Common", "Unity.Multiplayer.Center.Common.csproj", "{8a5b8f46-946d-8a29-e158-1dc8faca60b5}"
EndProject
Project("{FAE04EC0-301F-11D3-BF4B-00C04F79EFBC}") = "Unity.CollabProxy.Editor", "Unity.CollabProxy.Editor.csproj", "{5fe918da-525e-f11b-99d8-cbaa81fc32f9}"
EndProject
Project("{FAE04EC0-301F-11D3-BF4B-00C04F79EFBC}") = "UnityEditor.UI.Analytics", "UnityEditor.UI.Analytics.csproj", "{fc3b284a-e6b5-2c81-b3d8-2e6169037ad7}"
EndProject
Project("{FAE04EC0-301F-11D3-BF4B-00C04F79EFBC}") = "Unity.VisualScripting.DocCodeExamples", "Unity.VisualScripting.DocCodeExamples.csproj", "{d291c019-d58d-db74-2223-d94aca945306}"
EndProject
Project("{FAE04EC0-301F-11D3-BF4B-00C04F79EFBC}") = "Unity.VisualScripting.Shared.Editor", "Unity.VisualScripting.Shared.Editor.csproj", "{ca0e6118-daae-870b-430d-0467812d6144}"
EndProject
Project("{FAE04EC0-301F-11D3-BF4B-00C04F79EFBC}") = "Unity.TextMeshPro.Tests", "Unity.TextMeshPro.Tests.csproj", "{50594eed-f4c8-c40a-21b2-e6ab644af742}"
EndProject
Project("{FAE04EC0-301F-11D3-BF4B-00C04F79EFBC}") = "Unity.EditorCoroutines.Editor", "Unity.EditorCoroutines.Editor.csproj", "{c8073a01-7ae2-b6d7-931b-c7765d8b20f3}"
EndProject
Project("{FAE04EC0-301F-11D3-BF4B-00C04F79EFBC}") = "Unity.TextMeshPro.Editor.Tests", "Unity.TextMeshPro.Editor.Tests.csproj", "{db475f24-db0d-5f94-e76f-008f36118027}"
EndProject
Project("{FAE04EC0-301F-11D3-BF4B-00C04F79EFBC}") = "Unity.PlasticSCM.Editor.Entities", "Unity.PlasticSCM.Editor.Entities.csproj", "{236e850b-a0a9-a5fd-2706-9a4b544b474a}"
EndProject
Project("{FAE04EC0-301F-11D3-BF4B-00C04F79EFBC}") = "Unity.Settings.Tests", "Unity.Settings.Tests.csproj", "{8020dc55-8477-dafc-b3a6-e01ea74ca5a9}"
EndProject
Project("{FAE04EC0-301F-11D3-BF4B-00C04F79EFBC}") = "UnityEditor.UI.Common.Tests", "UnityEditor.UI.Common.Tests.csproj", "{43c20285-db25-452e-dc4d-7cd10e414c73}"
EndProject
Project("{FAE04EC0-301F-11D3-BF4B-00C04F79EFBC}") = "TestNewCustomAssembly", "TestNewCustomAssembly.csproj", "{8fc27e13-66cc-5383-8261-e0c83a981a28}"
EndProject
Global
	GlobalSection(SolutionConfigurationPlatforms) = preSolution
		Debug|Any CPU = Debug|Any CPU
	EndGlobalSection
	GlobalSection(ProjectConfigurationPlatforms) = postSolution
		{c9a7bded-afa8-831e-a4d7-773611e62af0}.Debug|Any CPU.ActiveCfg = Debug|Any CPU
		{c9a7bded-afa8-831e-a4d7-773611e62af0}.Debug|Any CPU.Build.0 = Debug|Any CPU
		{4ae9c83b-bf9a-7a8d-8dbb-1895d6773e6b}.Debug|Any CPU.ActiveCfg = Debug|Any CPU
		{4ae9c83b-bf9a-7a8d-8dbb-1895d6773e6b}.Debug|Any CPU.Build.0 = Debug|Any CPU
		{2e18cb40-dcfd-ae90-6246-d7639a7919ce}.Debug|Any CPU.ActiveCfg = Debug|Any CPU
		{2e18cb40-dcfd-ae90-6246-d7639a7919ce}.Debug|Any CPU.Build.0 = Debug|Any CPU
		{fe3d59fc-f0c9-de4a-330a-7c882d6d329e}.Debug|Any CPU.ActiveCfg = Debug|Any CPU
		{fe3d59fc-f0c9-de4a-330a-7c882d6d329e}.Debug|Any CPU.Build.0 = Debug|Any CPU
		{c6d65d35-8deb-0793-b5b8-0721bce84891}.Debug|Any CPU.ActiveCfg = Debug|Any CPU
		{c6d65d35-8deb-0793-b5b8-0721bce84891}.Debug|Any CPU.Build.0 = Debug|Any CPU
		{c8999774-d848-e73d-8cba-0d883adaa109}.Debug|Any CPU.ActiveCfg = Debug|Any CPU
		{c8999774-d848-e73d-8cba-0d883adaa109}.Debug|Any CPU.Build.0 = Debug|Any CPU
		{5ca05746-daee-4531-bdda-abb978669e58}.Debug|Any CPU.ActiveCfg = Debug|Any CPU
		{5ca05746-daee-4531-bdda-abb978669e58}.Debug|Any CPU.Build.0 = Debug|Any CPU
		{08a6b58e-f225-8842-e5fd-670b68219a7f}.Debug|Any CPU.ActiveCfg = Debug|Any CPU
		{08a6b58e-f225-8842-e5fd-670b68219a7f}.Debug|Any CPU.Build.0 = Debug|Any CPU
		{cfcf9a03-c5d1-acca-9822-076e1af785fa}.Debug|Any CPU.ActiveCfg = Debug|Any CPU
		{cfcf9a03-c5d1-acca-9822-076e1af785fa}.Debug|Any CPU.Build.0 = Debug|Any CPU
		{7fa68acd-6e82-6986-8f81-13dbefb0991c}.Debug|Any CPU.ActiveCfg = Debug|Any CPU
		{7fa68acd-6e82-6986-8f81-13dbefb0991c}.Debug|Any CPU.Build.0 = Debug|Any CPU
		{69bb67f0-0506-4d17-7617-aaf7b01ebabf}.Debug|Any CPU.ActiveCfg = Debug|Any CPU
		{69bb67f0-0506-4d17-7617-aaf7b01ebabf}.Debug|Any CPU.Build.0 = Debug|Any CPU
		{49899ec6-1fa8-a9a1-a2ce-9722e8f845da}.Debug|Any CPU.ActiveCfg = Debug|Any CPU
		{49899ec6-1fa8-a9a1-a2ce-9722e8f845da}.Debug|Any CPU.Build.0 = Debug|Any CPU
		{ada7e99a-277c-63b5-04fe-4871b5e842e6}.Debug|Any CPU.ActiveCfg = Debug|Any CPU
		{ada7e99a-277c-63b5-04fe-4871b5e842e6}.Debug|Any CPU.Build.0 = Debug|Any CPU
		{cc463041-2484-6703-3d5b-255288690c00}.Debug|Any CPU.ActiveCfg = Debug|Any CPU
		{cc463041-2484-6703-3d5b-255288690c00}.Debug|Any CPU.Build.0 = Debug|Any CPU
		{7adbfc4e-1be9-16c5-f693-f3ccadf5e79f}.Debug|Any CPU.ActiveCfg = Debug|Any CPU
		{7adbfc4e-1be9-16c5-f693-f3ccadf5e79f}.Debug|Any CPU.Build.0 = Debug|Any CPU
		{db5badf7-c8df-a425-66e6-54ecd1dfb9d4}.Debug|Any CPU.ActiveCfg = Debug|Any CPU
		{db5badf7-c8df-a425-66e6-54ecd1dfb9d4}.Debug|Any CPU.Build.0 = Debug|Any CPU
		{84fbecc0-0185-2e7e-bafa-bc775d5d4edd}.Debug|Any CPU.ActiveCfg = Debug|Any CPU
		{84fbecc0-0185-2e7e-bafa-bc775d5d4edd}.Debug|Any CPU.Build.0 = Debug|Any CPU
		{fb0b90ea-f36a-50b0-9975-e3720342e5b1}.Debug|Any CPU.ActiveCfg = Debug|Any CPU
		{fb0b90ea-f36a-50b0-9975-e3720342e5b1}.Debug|Any CPU.Build.0 = Debug|Any CPU
		{c3686dff-66c8-4a80-8144-5931a211db45}.Debug|Any CPU.ActiveCfg = Debug|Any CPU
		{c3686dff-66c8-4a80-8144-5931a211db45}.Debug|Any CPU.Build.0 = Debug|Any CPU
		{fe3ec773-3eb5-6a40-8b74-05d9686983bb}.Debug|Any CPU.ActiveCfg = Debug|Any CPU
		{fe3ec773-3eb5-6a40-8b74-05d9686983bb}.Debug|Any CPU.Build.0 = Debug|Any CPU
		{2818c81b-e4ac-3b70-9bc7-d3b7ab6a7a30}.Debug|Any CPU.ActiveCfg = Debug|Any CPU
		{2818c81b-e4ac-3b70-9bc7-d3b7ab6a7a30}.Debug|Any CPU.Build.0 = Debug|Any CPU
		{ca8c366e-06d2-b7a8-b425-40affcb39622}.Debug|Any CPU.ActiveCfg = Debug|Any CPU
		{ca8c366e-06d2-b7a8-b425-40affcb39622}.Debug|Any CPU.Build.0 = Debug|Any CPU
		{fd0d5bf0-3827-55d4-5234-e4d114ba10c5}.Debug|Any CPU.ActiveCfg = Debug|Any CPU
		{fd0d5bf0-3827-55d4-5234-e4d114ba10c5}.Debug|Any CPU.Build.0 = Debug|Any CPU
		{b8a86f3b-264c-9382-e368-e80861f1f1dc}.Debug|Any CPU.ActiveCfg = Debug|Any CPU
		{b8a86f3b-264c-9382-e368-e80861f1f1dc}.Debug|Any CPU.Build.0 = Debug|Any CPU
		{c138b904-652a-08ff-48bd-1ac2b453072c}.Debug|Any CPU.ActiveCfg = Debug|Any CPU
		{c138b904-652a-08ff-48bd-1ac2b453072c}.Debug|Any CPU.Build.0 = Debug|Any CPU
		{d77c87a5-8ab7-3e3c-bd04-5a67060d8f7f}.Debug|Any CPU.ActiveCfg = Debug|Any CPU
		{d77c87a5-8ab7-3e3c-bd04-5a67060d8f7f}.Debug|Any CPU.Build.0 = Debug|Any CPU
		{05322696-5c09-f57f-79b6-2429d5ce9f4b}.Debug|Any CPU.ActiveCfg = Debug|Any CPU
		{05322696-5c09-f57f-79b6-2429d5ce9f4b}.Debug|Any CPU.Build.0 = Debug|Any CPU
		{5745cbd2-4005-2a84-6e85-821085e8154b}.Debug|Any CPU.ActiveCfg = Debug|Any CPU
		{5745cbd2-4005-2a84-6e85-821085e8154b}.Debug|Any CPU.Build.0 = Debug|Any CPU
		{3c35bb45-7abf-1463-22bc-0bc84c33b79a}.Debug|Any CPU.ActiveCfg = Debug|Any CPU
		{3c35bb45-7abf-1463-22bc-0bc84c33b79a}.Debug|Any CPU.Build.0 = Debug|Any CPU
		{fa8734a6-ea29-40af-807e-642bf4ceb92d}.Debug|Any CPU.ActiveCfg = Debug|Any CPU
		{fa8734a6-ea29-40af-807e-642bf4ceb92d}.Debug|Any CPU.Build.0 = Debug|Any CPU
		{467b389a-a3df-bbc8-c846-a7364b4eb209}.Debug|Any CPU.ActiveCfg = Debug|Any CPU
		{467b389a-a3df-bbc8-c846-a7364b4eb209}.Debug|Any CPU.Build.0 = Debug|Any CPU
		{1b08c6a6-5dc4-6024-7d4e-7e77b728014a}.Debug|Any CPU.ActiveCfg = Debug|Any CPU
		{1b08c6a6-5dc4-6024-7d4e-7e77b728014a}.Debug|Any CPU.Build.0 = Debug|Any CPU
		{ee2d495f-9558-85f7-6067-a94033b21a12}.Debug|Any CPU.ActiveCfg = Debug|Any CPU
		{ee2d495f-9558-85f7-6067-a94033b21a12}.Debug|Any CPU.Build.0 = Debug|Any CPU
		{64b2c647-7572-ffad-1c59-9ec265bb740a}.Debug|Any CPU.ActiveCfg = Debug|Any CPU
		{64b2c647-7572-ffad-1c59-9ec265bb740a}.Debug|Any CPU.Build.0 = Debug|Any CPU
		{34281402-8b1a-d7c8-1524-4936554f846b}.Debug|Any CPU.ActiveCfg = Debug|Any CPU
		{34281402-8b1a-d7c8-1524-4936554f846b}.Debug|Any CPU.Build.0 = Debug|Any CPU
		{8a5b8f46-946d-8a29-e158-1dc8faca60b5}.Debug|Any CPU.ActiveCfg = Debug|Any CPU
		{8a5b8f46-946d-8a29-e158-1dc8faca60b5}.Debug|Any CPU.Build.0 = Debug|Any CPU
		{5fe918da-525e-f11b-99d8-cbaa81fc32f9}.Debug|Any CPU.ActiveCfg = Debug|Any CPU
		{5fe918da-525e-f11b-99d8-cbaa81fc32f9}.Debug|Any CPU.Build.0 = Debug|Any CPU
		{fc3b284a-e6b5-2c81-b3d8-2e6169037ad7}.Debug|Any CPU.ActiveCfg = Debug|Any CPU
		{fc3b284a-e6b5-2c81-b3d8-2e6169037ad7}.Debug|Any CPU.Build.0 = Debug|Any CPU
		{d291c019-d58d-db74-2223-d94aca945306}.Debug|Any CPU.ActiveCfg = Debug|Any CPU
		{d291c019-d58d-db74-2223-d94aca945306}.Debug|Any CPU.Build.0 = Debug|Any CPU
		{ca0e6118-daae-870b-430d-0467812d6144}.Debug|Any CPU.ActiveCfg = Debug|Any CPU
		{ca0e6118-daae-870b-430d-0467812d6144}.Debug|Any CPU.Build.0 = Debug|Any CPU
		{50594eed-f4c8-c40a-21b2-e6ab644af742}.Debug|Any CPU.ActiveCfg = Debug|Any CPU
		{50594eed-f4c8-c40a-21b2-e6ab644af742}.Debug|Any CPU.Build.0 = Debug|Any CPU
		{c8073a01-7ae2-b6d7-931b-c7765d8b20f3}.Debug|Any CPU.ActiveCfg = Debug|Any CPU
		{c8073a01-7ae2-b6d7-931b-c7765d8b20f3}.Debug|Any CPU.Build.0 = Debug|Any CPU
		{db475f24-db0d-5f94-e76f-008f36118027}.Debug|Any CPU.ActiveCfg = Debug|Any CPU
		{db475f24-db0d-5f94-e76f-008f36118027}.Debug|Any CPU.Build.0 = Debug|Any CPU
		{236e850b-a0a9-a5fd-2706-9a4b544b474a}.Debug|Any CPU.ActiveCfg = Debug|Any CPU
		{236e850b-a0a9-a5fd-2706-9a4b544b474a}.Debug|Any CPU.Build.0 = Debug|Any CPU
		{8020dc55-8477-dafc-b3a6-e01ea74ca5a9}.Debug|Any CPU.ActiveCfg = Debug|Any CPU
		{8020dc55-8477-dafc-b3a6-e01ea74ca5a9}.Debug|Any CPU.Build.0 = Debug|Any CPU
		{43c20285-db25-452e-dc4d-7cd10e414c73}.Debug|Any CPU.ActiveCfg = Debug|Any CPU
		{43c20285-db25-452e-dc4d-7cd10e414c73}.Debug|Any CPU.Build.0 = Debug|Any CPU
		{8fc27e13-66cc-5383-8261-e0c83a981a28}.Debug|Any CPU.ActiveCfg = Debug|Any CPU
		{8fc27e13-66cc-5383-8261-e0c83a981a28}.Debug|Any CPU.Build.0 = Debug|Any CPU
	EndGlobalSection
	GlobalSection(SolutionProperties) = preSolution
		HideSolutionNode = FALSE
	EndGlobalSection
EndGlobal
